
Microsoft Visual Studio Solution File, Format Version 12.00
# Visual Studio Version 16
VisualStudioVersion = 16.0.30907.101
MinimumVisualStudioVersion = 10.0.40219.1
Project("{FAE04EC0-301F-11D3-BF4B-00C04F79EFBC}") = "MvcMovie", "MvcMovie\MvcMovie.csproj", "{396B46F9-CF41-4D3B-8229-2C757971B2CA}"
EndProject
Global
	GlobalSection(SolutionConfigurationPlatforms) = preSolution
		Debug|Any CPU = Debug|Any CPU
		Release|Any CPU = Release|Any CPU
	EndGlobalSection
	GlobalSection(ProjectConfigurationPlatforms) = postSolution
		{396B46F9-CF41-4D3B-8229-2C757971B2CA}.Debug|Any CPU.ActiveCfg = Debug|Any CPU
		{396B46F9-CF41-4D3B-8229-2C757971B2CA}.Debug|Any CPU.Build.0 = Debug|Any CPU
		{396B46F9-CF41-4D3B-8229-2C757971B2CA}.Release|Any CPU.ActiveCfg = Release|Any CPU
		{396B46F9-CF41-4D3B-8229-2C757971B2CA}.Release|Any CPU.Build.0 = Release|Any CPU
	EndGlobalSection
	GlobalSection(SolutionProperties) = preSolution
		HideSolutionNode = FALSE
	EndGlobalSection
	GlobalSection(ExtensibilityGlobals) = postSolution
		SolutionGuid = {306CBC0C-AD67-4626-AAEE-B7867D9F5908}
	EndGlobalSection
EndGlobal
